
Microsoft Visual Studio Solution File, Format Version 12.00
# Visual Studio Version 17
VisualStudioVersion = 17.6.33829.357
MinimumVisualStudioVersion = 10.0.40219.1
Project("{9A19103F-16F7-4668-BE54-9A1E7A4F7556}") = "PortFolio", "MovieAPIs\PortFolio.csproj", "{95171836-1946-448B-8249-07D2E877DE25}"
EndProject
Global
	GlobalSection(SolutionConfigurationPlatforms) = preSolution
		Debug|Any CPU = Debug|Any CPU
		Release|Any CPU = Release|Any CPU
	EndGlobalSection
	GlobalSection(ProjectConfigurationPlatforms) = postSolution
		{95171836-1946-448B-8249-07D2E877DE25}.Debug|Any CPU.ActiveCfg = Debug|Any CPU
		{95171836-1946-448B-8249-07D2E877DE25}.Debug|Any CPU.Build.0 = Debug|Any CPU
		{95171836-1946-448B-8249-07D2E877DE25}.Release|Any CPU.ActiveCfg = Release|Any CPU
		{95171836-1946-448B-8249-07D2E877DE25}.Release|Any CPU.Build.0 = Release|Any CPU
	EndGlobalSection
	GlobalSection(SolutionProperties) = preSolution
		HideSolutionNode = FALSE
	EndGlobalSection
	GlobalSection(ExtensibilityGlobals) = postSolution
		SolutionGuid = {48C0186F-B862-422F-929D-B775F0E36EC3}
	EndGlobalSection
EndGlobal
